
Microsoft Visual Studio Solution File, Format Version 12.00
# Visual Studio Version 16
VisualStudioVersion = 16.0.31005.135
MinimumVisualStudioVersion = 10.0.40219.1
Project("{FAE04EC0-301F-11D3-BF4B-00C04F79EFBC}") = "WindowsFormsApp1", "WindowsFormsApp1\WindowsFormsApp1.csproj", "{48C8FFEF-9DBD-4C38-A68D-9C129F995738}"
EndProject
Global
	GlobalSection(SolutionConfigurationPlatforms) = preSolution
		Debug|Any CPU = Debug|Any CPU
		Release|Any CPU = Release|Any CPU
	EndGlobalSection
	GlobalSection(ProjectConfigurationPlatforms) = postSolution
		{48C8FFEF-9DBD-4C38-A68D-9C129F995738}.Debug|Any CPU.ActiveCfg = Debug|Any CPU
		{48C8FFEF-9DBD-4C38-A68D-9C129F995738}.Debug|Any CPU.Build.0 = Debug|Any CPU
		{48C8FFEF-9DBD-4C38-A68D-9C129F995738}.Release|Any CPU.ActiveCfg = Release|Any CPU
		{48C8FFEF-9DBD-4C38-A68D-9C129F995738}.Release|Any CPU.Build.0 = Release|Any CPU
	EndGlobalSection
	GlobalSection(SolutionProperties) = preSolution
		HideSolutionNode = FALSE
	EndGlobalSection
	GlobalSection(ExtensibilityGlobals) = postSolution
		SolutionGuid = {6C27F794-FC28-4133-A322-9F1A5CDDF8B2}
	EndGlobalSection
EndGlobal
