
Microsoft Visual Studio Solution File, Format Version 12.00
# Visual Studio Version 16
VisualStudioVersion = 16.0.31005.135
MinimumVisualStudioVersion = 10.0.40219.1
Project("{FAE04EC0-301F-11D3-BF4B-00C04F79EFBC}") = "WindowsFormsApp1", "WindowsFormsApp1\WindowsFormsApp1.csproj", "{D6C991B0-47B9-4791-9457-BB5EAE21E06D}"
EndProject
Global
	GlobalSection(SolutionConfigurationPlatforms) = preSolution
		Debug|Any CPU = Debug|Any CPU
		Release|Any CPU = Release|Any CPU
	EndGlobalSection
	GlobalSection(ProjectConfigurationPlatforms) = postSolution
		{D6C991B0-47B9-4791-9457-BB5EAE21E06D}.Debug|Any CPU.ActiveCfg = Debug|Any CPU
		{D6C991B0-47B9-4791-9457-BB5EAE21E06D}.Debug|Any CPU.Build.0 = Debug|Any CPU
		{D6C991B0-47B9-4791-9457-BB5EAE21E06D}.Release|Any CPU.ActiveCfg = Release|Any CPU
		{D6C991B0-47B9-4791-9457-BB5EAE21E06D}.Release|Any CPU.Build.0 = Release|Any CPU
	EndGlobalSection
	GlobalSection(SolutionProperties) = preSolution
		HideSolutionNode = FALSE
	EndGlobalSection
	GlobalSection(ExtensibilityGlobals) = postSolution
		SolutionGuid = {78C0AFC8-9DF4-4F11-A5DC-60799060D2A7}
	EndGlobalSection
EndGlobal
